
Microsoft Visual Studio Solution File, Format Version 12.00
# Visual Studio 2013
VisualStudioVersion = 12.0.21005.1
MinimumVisualStudioVersion = 10.0.40219.1
Project("{FAE04EC0-301F-11D3-BF4B-00C04F79EFBC}") = "StocksMonitor", "StocksMonitor\StocksMonitor.csproj", "{13395CDA-DFE8-470F-9B01-7C3160EF5C8A}"
EndProject
Project("{FAE04EC0-301F-11D3-BF4B-00C04F79EFBC}") = "DownloadData", "DownloadData\DownloadData.csproj", "{32B81C90-B8EB-4129-9FC2-B2811C5333BC}"
EndProject
Project("{FAE04EC0-301F-11D3-BF4B-00C04F79EFBC}") = "SymbolList", "SymbolList\SymbolList.csproj", "{1267D550-3788-4E5C-926B-4760802998C7}"
EndProject
Project("{2150E333-8FDC-42A3-9474-1A3956D46DE8}") = "Solution Items", "Solution Items", "{D48446C1-9891-4305-9F98-0D7F8531897B}"
	ProjectSection(SolutionItems) = preProject
		TODO.txt = TODO.txt
	EndProjectSection
EndProject
Global
	GlobalSection(SolutionConfigurationPlatforms) = preSolution
		Debug|Any CPU = Debug|Any CPU
		Release|Any CPU = Release|Any CPU
	EndGlobalSection
	GlobalSection(ProjectConfigurationPlatforms) = postSolution
		{13395CDA-DFE8-470F-9B01-7C3160EF5C8A}.Debug|Any CPU.ActiveCfg = Debug|Any CPU
		{13395CDA-DFE8-470F-9B01-7C3160EF5C8A}.Debug|Any CPU.Build.0 = Debug|Any CPU
		{13395CDA-DFE8-470F-9B01-7C3160EF5C8A}.Release|Any CPU.ActiveCfg = Release|Any CPU
		{13395CDA-DFE8-470F-9B01-7C3160EF5C8A}.Release|Any CPU.Build.0 = Release|Any CPU
		{32B81C90-B8EB-4129-9FC2-B2811C5333BC}.Debug|Any CPU.ActiveCfg = Debug|Any CPU
		{32B81C90-B8EB-4129-9FC2-B2811C5333BC}.Debug|Any CPU.Build.0 = Debug|Any CPU
		{32B81C90-B8EB-4129-9FC2-B2811C5333BC}.Release|Any CPU.ActiveCfg = Release|Any CPU
		{32B81C90-B8EB-4129-9FC2-B2811C5333BC}.Release|Any CPU.Build.0 = Release|Any CPU
		{1267D550-3788-4E5C-926B-4760802998C7}.Debug|Any CPU.ActiveCfg = Debug|Any CPU
		{1267D550-3788-4E5C-926B-4760802998C7}.Debug|Any CPU.Build.0 = Debug|Any CPU
		{1267D550-3788-4E5C-926B-4760802998C7}.Release|Any CPU.ActiveCfg = Release|Any CPU
		{1267D550-3788-4E5C-926B-4760802998C7}.Release|Any CPU.Build.0 = Release|Any CPU
	EndGlobalSection
	GlobalSection(SolutionProperties) = preSolution
		HideSolutionNode = FALSE
	EndGlobalSection
EndGlobal
